{
  "name": "token-monitor-native-beta-backend",
  "version": "0.5.0",
  "lockfileVersion": 3,
  "requires": true,
  "packages": {
    "": {
      "name": "token-monitor-native-beta-backend",
      "version": "0.5.0",
      "dependencies": {
        "chokidar": "4.0.3",
        "dotenv": "17.4.2",
        "semver": "7.8.5",
        "tar": "7.5.22",
        "tokscale": "4.15.1",
        "undici": "7.29.0"
      },
      "engines": {
        "node": ">=24.19.0 <25"
      }
    },
    "node_modules/@isaacs/fs-minipass": {
      "version": "4.0.1",
      "resolved": "https://registry.npmjs.org/@isaacs/fs-minipass/-/fs-minipass-4.0.1.tgz",
      "integrity": "sha512-wgm9Ehl2jpeqP3zw/7mo3kRHFp5MEDhqAdwy1fTGkHAwnkGOVsgpvQhL8B5n1qlb01jV3n/bI0ZfZp5lWA1k4w==",
      "license": "ISC",
      "dependencies": {
        "minipass": "^7.0.4"
      },
      "engines": {
        "node": ">=18.0.0"
      }
    },
    "node_modules/@tokscale/cli": {
      "version": "4.15.1",
      "resolved": "https://registry.npmjs.org/@tokscale/cli/-/cli-4.15.1.tgz",
      "integrity": "sha512-NXx8azcDpHGq56vvmBs/yGmOs4bKmzXAsZGCzAYQv/ciPpYbpuiuL4eDJEcd604uTCpmxHIOwLsEJJGZI0DRag==",
      "license": "MIT",
      "bin": {
        "tokscale": "bin.js"
      },
      "optionalDependencies": {
        "@tokscale/cli-android-arm64": "4.15.1",
        "@tokscale/cli-darwin-arm64": "4.15.1",
        "@tokscale/cli-darwin-x64": "4.15.1",
        "@tokscale/cli-linux-arm64-gnu": "4.15.1",
        "@tokscale/cli-linux-arm64-musl": "4.15.1",
        "@tokscale/cli-linux-x64-gnu": "4.15.1",
        "@tokscale/cli-linux-x64-musl": "4.15.1",
        "@tokscale/cli-win32-arm64-msvc": "4.15.1",
        "@tokscale/cli-win32-x64-msvc": "4.15.1"
      }
    },
    "node_modules/@tokscale/cli-android-arm64": {
      "version": "4.15.1",
      "resolved": "https://registry.npmjs.org/@tokscale/cli-android-arm64/-/cli-android-arm64-4.15.1.tgz",
      "integrity": "sha512-+B6qj2ET8ZOedochQuRkot9fKw7z2PJLUKp0ngjmTPX/Ix56Ricax4/RRqfVgt69XLtAlQ0aLD4EQT6zuGWg7g==",
      "cpu": [
        "arm64"
      ],
      "license": "MIT",
      "optional": true,
      "os": [
        "android"
      ]
    },
    "node_modules/@tokscale/cli-darwin-arm64": {
      "version": "4.15.1",
      "resolved": "https://registry.npmjs.org/@tokscale/cli-darwin-arm64/-/cli-darwin-arm64-4.15.1.tgz",
      "integrity": "sha512-qAW/FAg6GkMBdqdnRN1knjnPz5yoCnmvaVEQPmJPLVOcKC/V1v4JSbu6zFFfxoYA1rTJlj+D8rqd/uuBMnIrYw==",
      "cpu": [
        "arm64"
      ],
      "license": "MIT",
      "optional": true,
      "os": [
        "darwin"
      ]
    },
    "node_modules/@tokscale/cli-darwin-x64": {
      "version": "4.15.1",
      "resolved": "https://registry.npmjs.org/@tokscale/cli-darwin-x64/-/cli-darwin-x64-4.15.1.tgz",
      "integrity": "sha512-HA8zg4p3CJYMbsU2S4saxuFT/0hTg5EW7O8+FxH4fL+X4jm12FuwLAmvQ0g3RZWsqgUKhb22+LdMgwvp7dJaqw==",
      "cpu": [
        "x64"
      ],
      "license": "MIT",
      "optional": true,
      "os": [
        "darwin"
      ]
    },
    "node_modules/@tokscale/cli-linux-arm64-gnu": {
      "version": "4.15.1",
      "resolved": "https://registry.npmjs.org/@tokscale/cli-linux-arm64-gnu/-/cli-linux-arm64-gnu-4.15.1.tgz",
      "integrity": "sha512-W4YgugkNkh6TeApIbgjA+YYiogYl3NT0GPsTed/V8Qgh7b5Dv52Gp85ALgUvjUtKzPTC4g2wH0oE74w+9DZylg==",
      "cpu": [
        "arm64"
      ],
      "libc": [
        "glibc"
      ],
      "license": "MIT",
      "optional": true,
      "os": [
        "linux"
      ]
    },
    "node_modules/@tokscale/cli-linux-arm64-musl": {
      "version": "4.15.1",
      "resolved": "https://registry.npmjs.org/@tokscale/cli-linux-arm64-musl/-/cli-linux-arm64-musl-4.15.1.tgz",
      "integrity": "sha512-imbXQEjNdWj1jzZII5Qq/2F1vAVAtbbdrjbUzUAJHFOyD2VfLhBGV1YgpLiJml7efB1kFD7j5NbubT7nFWcxHg==",
      "cpu": [
        "arm64"
      ],
      "libc": [
        "musl"
      ],
      "license": "MIT",
      "optional": true,
      "os": [
        "linux"
      ]
    },
    "node_modules/@tokscale/cli-linux-x64-gnu": {
      "version": "4.15.1",
      "resolved": "https://registry.npmjs.org/@tokscale/cli-linux-x64-gnu/-/cli-linux-x64-gnu-4.15.1.tgz",
      "integrity": "sha512-bJLuRMnDWX4mXjgNma8DSJ6g/+xmSIt+eWrVOKgYcjQY4z2DJe6S0E9pH4trmUqmyTLk7KeynISOXEIBHz1jGw==",
      "cpu": [
        "x64"
      ],
      "libc": [
        "glibc"
      ],
      "license": "MIT",
      "optional": true,
      "os": [
        "linux"
      ]
    },
    "node_modules/@tokscale/cli-linux-x64-musl": {
      "version": "4.15.1",
      "resolved": "https://registry.npmjs.org/@tokscale/cli-linux-x64-musl/-/cli-linux-x64-musl-4.15.1.tgz",
      "integrity": "sha512-BRKZ3oZaZjG2XeEv3ZJ++UCvgd3bOtd/pj8eC4X+yYU6CUwyNFvs1+9SGQF0J89/zz37kWESi8EpfjSE5j/wuA==",
      "cpu": [
        "x64"
      ],
      "libc": [
        "musl"
      ],
      "license": "MIT",
      "optional": true,
      "os": [
        "linux"
      ]
    },
    "node_modules/@tokscale/cli-win32-arm64-msvc": {
      "version": "4.15.1",
      "resolved": "https://registry.npmjs.org/@tokscale/cli-win32-arm64-msvc/-/cli-win32-arm64-msvc-4.15.1.tgz",
      "integrity": "sha512-BYXfkRnAuPA7ZDK4pP8lnYBehiNSKOBVjtUknacBA3pOt2nmuWvZbRsuUvOZZK5o4Iak4hmuQnpvwPG3W1MoOQ==",
      "cpu": [
        "arm64"
      ],
      "license": "MIT",
      "optional": true,
      "os": [
        "win32"
      ]
    },
    "node_modules/@tokscale/cli-win32-x64-msvc": {
      "version": "4.15.1",
      "resolved": "https://registry.npmjs.org/@tokscale/cli-win32-x64-msvc/-/cli-win32-x64-msvc-4.15.1.tgz",
      "integrity": "sha512-AYmG1sg26dcNhHnW6N6w6qYNS72OuCIphRCiciR8EnBFh9/OHGOamQbEt5MVdoHFUQMrzcqlR3mOMKI7irMdTw==",
      "cpu": [
        "x64"
      ],
      "license": "MIT",
      "optional": true,
      "os": [
        "win32"
      ]
    },
    "node_modules/chokidar": {
      "version": "4.0.3",
      "resolved": "https://registry.npmjs.org/chokidar/-/chokidar-4.0.3.tgz",
      "integrity": "sha512-Qgzu8kfBvo+cA4962jnP1KkS6Dop5NS6g7R5LFYJr4b8Ub94PPQXUksCw9PvXoeXPRRddRNC5C1JQUR2SMGtnA==",
      "license": "MIT",
      "dependencies": {
        "readdirp": "^4.0.1"
      },
      "engines": {
        "node": ">= 14.16.0"
      },
      "funding": {
        "url": "https://paulmillr.com/funding/"
      }
    },
    "node_modules/chownr": {
      "version": "3.0.0",
      "resolved": "https://registry.npmjs.org/chownr/-/chownr-3.0.0.tgz",
      "integrity": "sha512-+IxzY9BZOQd/XuYPRmrvEVjF/nqj5kgT4kEq7VofrDoM1MxoRjEWkrCC3EtLi59TVawxTAn+orJwFQcrqEN1+g==",
      "license": "BlueOak-1.0.0",
      "engines": {
        "node": ">=18"
      }
    },
    "node_modules/dotenv": {
      "version": "17.4.2",
      "resolved": "https://registry.npmjs.org/dotenv/-/dotenv-17.4.2.tgz",
      "integrity": "sha512-nI4U3TottKAcAD9LLud4Cb7b2QztQMUEfHbvhTH09bqXTxnSie8WnjPALV/WMCrJZ6UV/qHJ6L03OqO3LcdYZw==",
      "license": "BSD-2-Clause",
      "engines": {
        "node": ">=12"
      },
      "funding": {
        "url": "https://dotenvx.com"
      }
    },
    "node_modules/minipass": {
      "version": "7.1.3",
      "resolved": "https://registry.npmjs.org/minipass/-/minipass-7.1.3.tgz",
      "integrity": "sha512-tEBHqDnIoM/1rXME1zgka9g6Q2lcoCkxHLuc7ODJ5BxbP5d4c2Z5cGgtXAku59200Cx7diuHTOYfSBD8n6mm8A==",
      "license": "BlueOak-1.0.0",
      "engines": {
        "node": ">=16 || 14 >=14.17"
      }
    },
    "node_modules/minizlib": {
      "version": "3.1.0",
      "resolved": "https://registry.npmjs.org/minizlib/-/minizlib-3.1.0.tgz",
      "integrity": "sha512-KZxYo1BUkWD2TVFLr0MQoM8vUUigWD3LlD83a/75BqC+4qE0Hb1Vo5v1FgcfaNXvfXzr+5EhQ6ing/CaBijTlw==",
      "license": "MIT",
      "dependencies": {
        "minipass": "^7.1.2"
      },
      "engines": {
        "node": ">= 18"
      }
    },
    "node_modules/readdirp": {
      "version": "4.1.2",
      "resolved": "https://registry.npmjs.org/readdirp/-/readdirp-4.1.2.tgz",
      "integrity": "sha512-GDhwkLfywWL2s6vEjyhri+eXmfH6j1L7JE27WhqLeYzoh/A3DBaYGEj2H/HFZCn/kMfim73FXxEJTw06WtxQwg==",
      "license": "MIT",
      "engines": {
        "node": ">= 14.18.0"
      },
      "funding": {
        "type": "individual",
        "url": "https://paulmillr.com/funding/"
      }
    },
    "node_modules/semver": {
      "version": "7.8.5",
      "resolved": "https://registry.npmjs.org/semver/-/semver-7.8.5.tgz",
      "integrity": "sha512-Y7/KDsb8LjooZpwaqGyulO6DQlksgCncchHGk+sZIY4SBvUocMBEFH5Ur1fI4dV+Jvl0w6cjvucaIi40puRioA==",
      "license": "ISC",
      "bin": {
        "semver": "bin/semver.js"
      },
      "engines": {
        "node": ">=10"
      }
    },
    "node_modules/tar": {
      "version": "7.5.22",
      "resolved": "https://registry.npmjs.org/tar/-/tar-7.5.22.tgz",
      "integrity": "sha512-MFO/QzvtAOmJbkhOaCTvbGcFN9L9b+JunIsDwaKljSOdcLMea3NJ1k9Usz/rjdfSXTq4dfzfeS7W4p4YOAAHeA==",
      "license": "BlueOak-1.0.0",
      "dependencies": {
        "@isaacs/fs-minipass": "^4.0.0",
        "chownr": "^3.0.0",
        "minipass": "^7.1.2",
        "minizlib": "^3.1.0",
        "yallist": "^5.0.0"
      },
      "engines": {
        "node": ">=18"
      }
    },
    "node_modules/tokscale": {
      "version": "4.15.1",
      "resolved": "https://registry.npmjs.org/tokscale/-/tokscale-4.15.1.tgz",
      "integrity": "sha512-9xxZDfhGurx/sQfWfkdCBmETntMcjJ6rsIvdhk2a0khBzx+zUB309Ryzx+HmwALQGY1PFimFTbJxeHtOJJjNEQ==",
      "license": "MIT",
      "dependencies": {
        "@tokscale/cli": "4.15.1"
      },
      "bin": {
        "tokscale": "bin.js"
      }
    },
    "node_modules/undici": {
      "version": "7.29.0",
      "resolved": "https://registry.npmjs.org/undici/-/undici-7.29.0.tgz",
      "integrity": "sha512-IDxfleLmmbSskfWSUATiN1nfn2rDuvnMOqb5CWR92iIfojA0Ud+ulOAAEQ57LPr9rWmsreUyf5lwyao+7GNNVw==",
      "license": "MIT",
      "engines": {
        "node": ">=20.18.1"
      }
    },
    "node_modules/yallist": {
      "version": "5.0.0",
      "resolved": "https://registry.npmjs.org/yallist/-/yallist-5.0.0.tgz",
      "integrity": "sha512-YgvUTfwqyc7UXVMrB+SImsVYSmTS8X/tSrtdNZMImM+n7+QTriRXyXim0mBrTXNeqzVF0KWGgHPeiyViFFrNDw==",
      "license": "BlueOak-1.0.0",
      "engines": {
        "node": ">=18"
      }
    }
  }
}
